
Microsoft Visual Studio Solution File, Format Version 12.00
# Visual Studio Version 17
VisualStudioVersion = 17.13.35825.156 d17.13
MinimumVisualStudioVersion = 10.0.40219.1
Project("{FAE04EC0-301F-11D3-BF4B-00C04F79EFBC}") = "HomeDbProject", "HomeDbProject\HomeDbProject.csproj", "{44CB00D3-D5B2-4B7C-88D2-82E5DA94E015}"
EndProject
Global
	GlobalSection(SolutionConfigurationPlatforms) = preSolution
		Debug|Any CPU = Debug|Any CPU
		Release|Any CPU = Release|Any CPU
	EndGlobalSection
	GlobalSection(ProjectConfigurationPlatforms) = postSolution
		{44CB00D3-D5B2-4B7C-88D2-82E5DA94E015}.Debug|Any CPU.ActiveCfg = Debug|Any CPU
		{44CB00D3-D5B2-4B7C-88D2-82E5DA94E015}.Debug|Any CPU.Build.0 = Debug|Any CPU
		{44CB00D3-D5B2-4B7C-88D2-82E5DA94E015}.Release|Any CPU.ActiveCfg = Release|Any CPU
		{44CB00D3-D5B2-4B7C-88D2-82E5DA94E015}.Release|Any CPU.Build.0 = Release|Any CPU
	EndGlobalSection
	GlobalSection(SolutionProperties) = preSolution
		HideSolutionNode = FALSE
	EndGlobalSection
	GlobalSection(ExtensibilityGlobals) = postSolution
		SolutionGuid = {FB45FDB7-C01F-4749-A15D-96DF751D8904}
	EndGlobalSection
EndGlobal
